
Microsoft Visual Studio Solution File, Format Version 12.00
# Visual Studio Version 16
VisualStudioVersion = 16.0.34031.81
MinimumVisualStudioVersion = 10.0.40219.1
Project("{F184B08F-C81C-45F6-A57F-5ABD9991F28F}") = "WebApplication1", "WebApplication1\WebApplication1.vbproj", "{C9789099-B056-4260-91E3-6149CB06878B}"
EndProject
Global
	GlobalSection(SolutionConfigurationPlatforms) = preSolution
		Debug|Any CPU = Debug|Any CPU
		Release|Any CPU = Release|Any CPU
	EndGlobalSection
	GlobalSection(ProjectConfigurationPlatforms) = postSolution
		{C9789099-B056-4260-91E3-6149CB06878B}.Debug|Any CPU.ActiveCfg = Debug|Any CPU
		{C9789099-B056-4260-91E3-6149CB06878B}.Debug|Any CPU.Build.0 = Debug|Any CPU
		{C9789099-B056-4260-91E3-6149CB06878B}.Release|Any CPU.ActiveCfg = Release|Any CPU
		{C9789099-B056-4260-91E3-6149CB06878B}.Release|Any CPU.Build.0 = Release|Any CPU
	EndGlobalSection
	GlobalSection(SolutionProperties) = preSolution
		HideSolutionNode = FALSE
	EndGlobalSection
	GlobalSection(ExtensibilityGlobals) = postSolution
		SolutionGuid = {F259145A-66E3-4D89-A1C5-A5B393EAFBC0}
	EndGlobalSection
EndGlobal
